
Microsoft Visual Studio Solution File, Format Version 12.00
# Visual Studio Version 17
VisualStudioVersion = 17.7.34031.279
MinimumVisualStudioVersion = 10.0.40219.1
Project("{9A19103F-16F7-4668-BE54-9A1E7A4F7556}") = "PZ_1", "PZ_1\PZ_1.csproj", "{1DEDBAA0-11A0-4FE1-A0F4-975878DB837A}"
EndProject
Project("{FAE04EC0-301F-11D3-BF4B-00C04F79EFBC}") = "PZ_02", "PZ_02\PZ_02.csproj", "{1E11653E-92F0-436C-957A-F85AD49DDA7B}"
EndProject
Project("{FAE04EC0-301F-11D3-BF4B-00C04F79EFBC}") = "PZ_03", "PZ_03\PZ_03.csproj", "{49B00FD2-EA3F-4D3A-A921-DA1095476ED8}"
EndProject
Project("{FAE04EC0-301F-11D3-BF4B-00C04F79EFBC}") = "PZ_04", "PZ_04\PZ_04.csproj", "{471A3FB2-54D3-4CBE-B3C6-42AFB10F171B}"
EndProject
Project("{FAE04EC0-301F-11D3-BF4B-00C04F79EFBC}") = "PZ_05", "PZ_05\PZ_05.csproj", "{6771FDBB-6BE2-4B41-8D0B-A1125DEFFE73}"
EndProject
Project("{FAE04EC0-301F-11D3-BF4B-00C04F79EFBC}") = "PZ_06", "PZ_06\PZ_06.csproj", "{ADFE9006-60D8-4196-ADB7-CC91A60631DC}"
EndProject
Global
	GlobalSection(SolutionConfigurationPlatforms) = preSolution
		Debug|Any CPU = Debug|Any CPU
		Release|Any CPU = Release|Any CPU
	EndGlobalSection
	GlobalSection(ProjectConfigurationPlatforms) = postSolution
		{1DEDBAA0-11A0-4FE1-A0F4-975878DB837A}.Debug|Any CPU.ActiveCfg = Debug|Any CPU
		{1DEDBAA0-11A0-4FE1-A0F4-975878DB837A}.Debug|Any CPU.Build.0 = Debug|Any CPU
		{1DEDBAA0-11A0-4FE1-A0F4-975878DB837A}.Release|Any CPU.ActiveCfg = Release|Any CPU
		{1DEDBAA0-11A0-4FE1-A0F4-975878DB837A}.Release|Any CPU.Build.0 = Release|Any CPU
		{1E11653E-92F0-436C-957A-F85AD49DDA7B}.Debug|Any CPU.ActiveCfg = Debug|Any CPU
		{1E11653E-92F0-436C-957A-F85AD49DDA7B}.Debug|Any CPU.Build.0 = Debug|Any CPU
		{1E11653E-92F0-436C-957A-F85AD49DDA7B}.Release|Any CPU.ActiveCfg = Release|Any CPU
		{1E11653E-92F0-436C-957A-F85AD49DDA7B}.Release|Any CPU.Build.0 = Release|Any CPU
		{49B00FD2-EA3F-4D3A-A921-DA1095476ED8}.Debug|Any CPU.ActiveCfg = Debug|Any CPU
		{49B00FD2-EA3F-4D3A-A921-DA1095476ED8}.Debug|Any CPU.Build.0 = Debug|Any CPU
		{49B00FD2-EA3F-4D3A-A921-DA1095476ED8}.Release|Any CPU.ActiveCfg = Release|Any CPU
		{49B00FD2-EA3F-4D3A-A921-DA1095476ED8}.Release|Any CPU.Build.0 = Release|Any CPU
		{471A3FB2-54D3-4CBE-B3C6-42AFB10F171B}.Debug|Any CPU.ActiveCfg = Debug|Any CPU
		{471A3FB2-54D3-4CBE-B3C6-42AFB10F171B}.Debug|Any CPU.Build.0 = Debug|Any CPU
		{471A3FB2-54D3-4CBE-B3C6-42AFB10F171B}.Release|Any CPU.ActiveCfg = Release|Any CPU
		{471A3FB2-54D3-4CBE-B3C6-42AFB10F171B}.Release|Any CPU.Build.0 = Release|Any CPU
		{6771FDBB-6BE2-4B41-8D0B-A1125DEFFE73}.Debug|Any CPU.ActiveCfg = Debug|Any CPU
		{6771FDBB-6BE2-4B41-8D0B-A1125DEFFE73}.Debug|Any CPU.Build.0 = Debug|Any CPU
		{6771FDBB-6BE2-4B41-8D0B-A1125DEFFE73}.Release|Any CPU.ActiveCfg = Release|Any CPU
		{6771FDBB-6BE2-4B41-8D0B-A1125DEFFE73}.Release|Any CPU.Build.0 = Release|Any CPU
		{ADFE9006-60D8-4196-ADB7-CC91A60631DC}.Debug|Any CPU.ActiveCfg = Debug|Any CPU
		{ADFE9006-60D8-4196-ADB7-CC91A60631DC}.Debug|Any CPU.Build.0 = Debug|Any CPU
		{ADFE9006-60D8-4196-ADB7-CC91A60631DC}.Release|Any CPU.ActiveCfg = Release|Any CPU
		{ADFE9006-60D8-4196-ADB7-CC91A60631DC}.Release|Any CPU.Build.0 = Release|Any CPU
	EndGlobalSection
	GlobalSection(SolutionProperties) = preSolution
		HideSolutionNode = FALSE
	EndGlobalSection
	GlobalSection(ExtensibilityGlobals) = postSolution
		SolutionGuid = {DAF6BDB9-AB08-4847-B7D6-D654FC00EEF9}
	EndGlobalSection
EndGlobal
